# This file is automatically @generated by Cargo.
# It is not intended for manual editing.
version = 4

[[package]]
name = "clap-autoprop"
version = "0.1.0"
dependencies = [
 "midici-responder",
]

[[package]]
name = "midici-conformance"
version = "0.1.0"

[[package]]
name = "midici-core"
version = "0.1.0"

[[package]]
name = "midici-pe"
version = "0.1.0"

[[package]]
name = "midici-responder"
version = "0.1.0"

[[package]]
name = "midici-transport-alsa"
version = "0.1.0"

[[package]]
name = "midici-transport-clap"
version = "0.1.0"

[[package]]
name = "virtual-responder"
version = "0.1.0"
dependencies = [
 "midici-responder",
]
